{
  "schema_version": 1,
  "cargo_lock_sha256": "1190ac151120325ca357aa7826b5a386af2a05ef015fe4061e6004e5b08f960f",
  "target_resolves": {
    "base": {
      "anyhow-1.0.102": {
        "runtime_dependencies": [],
        "build_dependencies": [],
        "features": [
          "default",
          "std"
        ]
      },
      "equivalent-1.0.2": {
        "runtime_dependencies": [],
        "build_dependencies": [],
        "features": []
      },
      "hashbrown-0.16.1": {
        "runtime_dependencies": [],
        "build_dependencies": [],
        "features": []
      },
      "indexmap-2.13.0": {
        "runtime_dependencies": [
          {
            "name": "equivalent",
            "package_key": "equivalent-1.0.2",
            "kind": "normal",
            "features": [],
            "uses_default_features": false,
            "optional": false,
            "target": null,
            "tree": "target"
          },
          {
            "name": "hashbrown",
            "package_key": "hashbrown-0.16.1",
            "kind": "normal",
            "features": [],
            "uses_default_features": false,
            "optional": false,
            "target": null,
            "tree": "target"
          },
          {
            "name": "serde_core",
            "package_key": "serde_core-1.0.228",
            "kind": "normal",
            "features": [],
            "uses_default_features": false,
            "optional": true,
            "target": null,
            "tree": "target"
          }
        ],
        "build_dependencies": [],
        "features": [
          "default",
          "serde",
          "std"
        ]
      },
      "itoa-1.0.17": {
        "runtime_dependencies": [],
        "build_dependencies": [],
        "features": []
      },
      "memchr-2.8.0": {
        "runtime_dependencies": [],
        "build_dependencies": [],
        "features": [
          "alloc",
          "std"
        ]
      },
      "proc-macro2-1.0.106": {
        "runtime_dependencies": [
          {
            "name": "unicode_ident",
            "package_key": "unicode-ident-1.0.24",
            "kind": "normal",
            "features": [],
            "uses_default_features": true,
            "optional": false,
            "target": null,
            "tree": "target"
          }
        ],
        "build_dependencies": [],
        "features": [
          "proc-macro"
        ]
      },
      "quote-1.0.45": {
        "runtime_dependencies": [
          {
            "name": "proc_macro2",
            "package_key": "proc-macro2-1.0.106",
            "kind": "normal",
            "features": [],
            "uses_default_features": true,
            "optional": false,
            "target": null,
            "tree": "target"
          }
        ],
        "build_dependencies": [],
        "features": [
          "proc-macro"
        ]
      },
      "ryu-1.0.23": {
        "runtime_dependencies": [],
        "build_dependencies": [],
        "features": []
      },
      "sekkei-0.1.0": {
        "runtime_dependencies": [
          {
            "name": "anyhow",
            "package_key": "anyhow-1.0.102",
            "kind": "normal",
            "features": [],
            "uses_default_features": true,
            "optional": false,
            "target": null,
            "tree": "target"
          },
          {
            "name": "serde",
            "package_key": "serde-1.0.228",
            "kind": "normal",
            "features": [
              "derive"
            ],
            "uses_default_features": true,
            "optional": false,
            "target": null,
            "tree": "target"
          },
          {
            "name": "serde_json",
            "package_key": "serde_json-1.0.149",
            "kind": "normal",
            "features": [],
            "uses_default_features": true,
            "optional": false,
            "target": null,
            "tree": "target"
          },
          {
            "name": "serde_yaml_ng",
            "package_key": "serde_yaml_ng-0.10.0",
            "kind": "normal",
            "features": [],
            "uses_default_features": true,
            "optional": false,
            "target": null,
            "tree": "target"
          }
        ],
        "build_dependencies": [],
        "features": []
      },
      "serde-1.0.228": {
        "runtime_dependencies": [
          {
            "name": "serde_core",
            "package_key": "serde_core-1.0.228",
            "kind": "normal",
            "features": [
              "result"
            ],
            "uses_default_features": false,
            "optional": false,
            "target": null,
            "tree": "target"
          },
          {
            "name": "serde_derive",
            "package_key": "serde_derive-1.0.228",
            "kind": "normal",
            "features": [],
            "uses_default_features": true,
            "optional": true,
            "target": null,
            "tree": "host"
          }
        ],
        "build_dependencies": [],
        "features": [
          "default",
          "derive",
          "serde_derive",
          "std"
        ]
      },
      "serde_core-1.0.228": {
        "runtime_dependencies": [],
        "build_dependencies": [],
        "features": [
          "result",
          "std"
        ]
      },
      "serde_derive-1.0.228": {
        "runtime_dependencies": [
          {
            "name": "proc_macro2",
            "package_key": "proc-macro2-1.0.106",
            "kind": "normal",
            "features": [],
            "uses_default_features": true,
            "optional": false,
            "target": null,
            "tree": "target"
          },
          {
            "name": "quote",
            "package_key": "quote-1.0.45",
            "kind": "normal",
            "features": [
              "proc-macro"
            ],
            "uses_default_features": false,
            "optional": false,
            "target": null,
            "tree": "target"
          },
          {
            "name": "syn",
            "package_key": "syn-2.0.117",
            "kind": "normal",
            "features": [
              "clone-impls",
              "derive",
              "parsing",
              "printing",
              "proc-macro"
            ],
            "uses_default_features": false,
            "optional": false,
            "target": null,
            "tree": "target"
          }
        ],
        "build_dependencies": [],
        "features": [
          "default"
        ]
      },
      "serde_json-1.0.149": {
        "runtime_dependencies": [
          {
            "name": "itoa",
            "package_key": "itoa-1.0.17",
            "kind": "normal",
            "features": [],
            "uses_default_features": true,
            "optional": false,
            "target": null,
            "tree": "target"
          },
          {
            "name": "memchr",
            "package_key": "memchr-2.8.0",
            "kind": "normal",
            "features": [],
            "uses_default_features": false,
            "optional": false,
            "target": null,
            "tree": "target"
          },
          {
            "name": "serde_core",
            "package_key": "serde_core-1.0.228",
            "kind": "normal",
            "features": [],
            "uses_default_features": false,
            "optional": false,
            "target": null,
            "tree": "target"
          },
          {
            "name": "zmij",
            "package_key": "zmij-1.0.21",
            "kind": "normal",
            "features": [],
            "uses_default_features": true,
            "optional": false,
            "target": null,
            "tree": "target"
          }
        ],
        "build_dependencies": [],
        "features": [
          "default",
          "std"
        ]
      },
      "serde_yaml_ng-0.10.0": {
        "runtime_dependencies": [
          {
            "name": "indexmap",
            "package_key": "indexmap-2.13.0",
            "kind": "normal",
            "features": [],
            "uses_default_features": true,
            "optional": false,
            "target": null,
            "tree": "target"
          },
          {
            "name": "itoa",
            "package_key": "itoa-1.0.17",
            "kind": "normal",
            "features": [],
            "uses_default_features": true,
            "optional": false,
            "target": null,
            "tree": "target"
          },
          {
            "name": "ryu",
            "package_key": "ryu-1.0.23",
            "kind": "normal",
            "features": [],
            "uses_default_features": true,
            "optional": false,
            "target": null,
            "tree": "target"
          },
          {
            "name": "serde",
            "package_key": "serde-1.0.228",
            "kind": "normal",
            "features": [],
            "uses_default_features": true,
            "optional": false,
            "target": null,
            "tree": "target"
          },
          {
            "name": "unsafe_libyaml",
            "package_key": "unsafe-libyaml-0.2.11",
            "kind": "normal",
            "features": [],
            "uses_default_features": true,
            "optional": false,
            "target": null,
            "tree": "target"
          }
        ],
        "build_dependencies": [],
        "features": []
      },
      "syn-2.0.117": {
        "runtime_dependencies": [
          {
            "name": "proc_macro2",
            "package_key": "proc-macro2-1.0.106",
            "kind": "normal",
            "features": [],
            "uses_default_features": true,
            "optional": false,
            "target": null,
            "tree": "target"
          },
          {
            "name": "quote",
            "package_key": "quote-1.0.45",
            "kind": "normal",
            "features": [],
            "uses_default_features": false,
            "optional": true,
            "target": null,
            "tree": "target"
          },
          {
            "name": "unicode_ident",
            "package_key": "unicode-ident-1.0.24",
            "kind": "normal",
            "features": [],
            "uses_default_features": true,
            "optional": false,
            "target": null,
            "tree": "target"
          }
        ],
        "build_dependencies": [],
        "features": [
          "clone-impls",
          "derive",
          "parsing",
          "printing",
          "proc-macro"
        ]
      },
      "takumi-0.1.0": {
        "runtime_dependencies": [
          {
            "name": "indexmap",
            "package_key": "indexmap-2.13.0",
            "kind": "normal",
            "features": [
              "serde"
            ],
            "uses_default_features": true,
            "optional": false,
            "target": null,
            "tree": "target"
          },
          {
            "name": "sekkei",
            "package_key": "sekkei-0.1.0",
            "kind": "normal",
            "features": [],
            "uses_default_features": true,
            "optional": false,
            "target": null,
            "tree": "target"
          },
          {
            "name": "serde",
            "package_key": "serde-1.0.228",
            "kind": "normal",
            "features": [
              "derive"
            ],
            "uses_default_features": true,
            "optional": false,
            "target": null,
            "tree": "target"
          },
          {
            "name": "serde_json",
            "package_key": "serde_json-1.0.149",
            "kind": "normal",
            "features": [],
            "uses_default_features": true,
            "optional": false,
            "target": null,
            "tree": "target"
          }
        ],
        "build_dependencies": [],
        "features": []
      },
      "unicode-ident-1.0.24": {
        "runtime_dependencies": [],
        "build_dependencies": [],
        "features": []
      },
      "unsafe-libyaml-0.2.11": {
        "runtime_dependencies": [],
        "build_dependencies": [],
        "features": []
      },
      "zmij-1.0.21": {
        "runtime_dependencies": [],
        "build_dependencies": [],
        "features": []
      }
    },
    "targets": {
      "aarch64-apple-darwin": {
        "overrides": {}
      },
      "x86_64-apple-darwin": {
        "overrides": {}
      },
      "x86_64-unknown-linux-gnu": {
        "overrides": {}
      },
      "x86_64-unknown-linux-musl": {
        "overrides": {}
      },
      "aarch64-unknown-linux-gnu": {
        "overrides": {}
      },
      "aarch64-unknown-linux-musl": {
        "overrides": {}
      }
    }
  },
  "per_crate": {
    "anyhow-1.0.102": {
      "edition": "2021",
      "build_script": "build.rs"
    },
    "equivalent-1.0.2": {
      "edition": "2015"
    },
    "hashbrown-0.16.1": {
      "edition": "2021"
    },
    "indexmap-2.13.0": {
      "edition": "2021"
    },
    "itoa-1.0.17": {
      "edition": "2021"
    },
    "memchr-2.8.0": {
      "edition": "2021"
    },
    "proc-macro2-1.0.106": {
      "edition": "2021",
      "build_script": "build.rs"
    },
    "quote-1.0.45": {
      "edition": "2021",
      "build_script": "build.rs"
    },
    "ryu-1.0.23": {
      "edition": "2021"
    },
    "sekkei-0.1.0": {
      "edition": "2024"
    },
    "serde-1.0.228": {
      "edition": "2021",
      "build_script": "build.rs"
    },
    "serde_core-1.0.228": {
      "edition": "2021",
      "build_script": "build.rs"
    },
    "serde_derive-1.0.228": {
      "edition": "2021",
      "proc_macro": true
    },
    "serde_json-1.0.149": {
      "edition": "2021",
      "build_script": "build.rs"
    },
    "serde_yaml_ng-0.10.0": {
      "edition": "2021"
    },
    "syn-2.0.117": {
      "edition": "2021"
    },
    "takumi-0.1.0": {
      "edition": "2024",
      "lib_target": {
        "name": "takumi",
        "path": "src/lib.rs"
      }
    },
    "unicode-ident-1.0.24": {
      "edition": "2021"
    },
    "unsafe-libyaml-0.2.11": {
      "edition": "2021",
      "binaries": [
        {
          "name": "run-emitter-test-suite",
          "path": "src/bin/run-emitter-test-suite.rs"
        },
        {
          "name": "run-parser-test-suite",
          "path": "src/bin/run-parser-test-suite.rs"
        }
      ]
    },
    "zmij-1.0.21": {
      "edition": "2021",
      "build_script": "build.rs"
    }
  },
  "git_nar_sha256": {
    "sekkei-0.1.0": "sha256-MQvD2E7tOI8FcSQ8MhuMDtixFPNUwf4jrO0h3TIAO1g="
  },
  "flake_metadata": {}
}
